// !$*UTF8*$!
{
	archiveVersion = 1;
	classes = {
	};
	objectVersion = 46;
	objects = {

/* Begin PBXBuildFile section */
		2363814C1C4A04180023B1BC /* AppDelegate.swift in Sources */ = {isa = PBXBuildFile; fileRef = 2363814B1C4A04180023B1BC /* AppDelegate.swift */; };
		2363814E1C4A04180023B1BC /* ViewController.swift in Sources */ = {isa = PBXBuildFile; fileRef = 2363814D1C4A04180023B1BC /* ViewController.swift */; };
		236381511C4A04180023B1BC /* Main.storyboard in Resources */ = {isa = PBXBuildFile; fileRef = 2363814F1C4A04180023B1BC /* Main.storyboard */; };
		236381531C4A04180023B1BC /* Assets.xcassets in Resources */ = {isa = PBXBuildFile; fileRef = 236381521C4A04180023B1BC /* Assets.xcassets */; };
		236381561C4A04180023B1BC /* LaunchScreen.storyboard in Resources */ = {isa = PBXBuildFile; fileRef = 236381541C4A04180023B1BC /* LaunchScreen.storyboard */; };
		236381611C4A04180023B1BC /* RoshamboTests.swift in Sources */ = {isa = PBXBuildFile; fileRef = 236381601C4A04180023B1BC /* RoshamboTests.swift */; };
		2363816C1C4A04180023B1BC /* RoshamboUITests.swift in Sources */ = {isa = PBXBuildFile; fileRef = 2363816B1C4A04180023B1BC /* RoshamboUITests.swift */; };
/* End PBXBuildFile section */

/* Begin PBXContainerItemProxy section */
		2363815D1C4A04180023B1BC /* PBXContainerItemProxy */ = {
			isa = PBXContainerItemProxy;
			containerPortal = 236381401C4A04180023B1BC /* Project object */;
			proxyType = 1;
			remoteGlobalIDString = 236381471C4A04180023B1BC;
			remoteInfo = Roshambo;
		};
		236381681C4A04180023B1BC /* PBXContainerItemProxy */ = {
			isa = PBXContainerItemProxy;
			containerPortal = 236381401C4A04180023B1BC /* Project object */;
			proxyType = 1;
			remoteGlobalIDString = 236381471C4A04180023B1BC;
			remoteInfo = Roshambo;
		};
/* End PBXContainerItemProxy section */

/* Begin PBXFileReference section */
		236381481C4A04180023B1BC /* Roshambo.app */ = {isa = PBXFileReference; explicitFileType = wrapper.application; includeInIndex = 0; path = Roshambo.app; sourceTree = BUILT_PRODUCTS_DIR; };
		2363814B1C4A04180023B1BC /* AppDelegate.swift */ = {isa = PBXFileReference; lastKnownFileType = sourcecode.swift; path = AppDelegate.swift; sourceTree = "<group>"; };
		2363814D1C4A04180023B1BC /* ViewController.swift */ = {isa = PBXFileReference; lastKnownFileType = sourcecode.swift; path = ViewController.swift; sourceTree = "<group>"; };
		236381501C4A04180023B1BC /* Base */ = {isa = PBXFileReference; lastKnownFileType = file.storyboard; name = Base; path = Base.lproj/Main.storyboard; sourceTree = "<group>"; };
		236381521C4A04180023B1BC /* Assets.xcassets */ = {isa = PBXFileReference; lastKnownFileType = folder.assetcatalog; path = Assets.xcassets; sourceTree = "<group>"; };
		236381551C4A04180023B1BC /* Base */ = {isa = PBXFileReference; lastKnownFileType = file.storyboard; name = Base; path = Base.lproj/LaunchScreen.storyboard; sourceTree = "<group>"; };
		236381571C4A04180023B1BC /* Info.plist */ = {isa = PBXFileReference; lastKnownFileType = text.plist.xml; path = Info.plist; sourceTree = "<group>"; };
		2363815C1C4A04180023B1BC /* RoshamboTests.xctest */ = {isa = PBXFileReference; explicitFileType = wrapper.cfbundle; includeInIndex = 0; path = RoshamboTests.xctest; sourceTree = BUILT_PRODUCTS_DIR; };
		236381601C4A04180023B1BC /* RoshamboTests.swift */ = {isa = PBXFileReference; lastKnownFileType = sourcecode.swift; path = RoshamboTests.swift; sourceTree = "<group>"; };
		236381621C4A04180023B1BC /* Info.plist */ = {isa = PBXFileReference; lastKnownFileType = text.plist.xml; path = Info.plist; sourceTree = "<group>"; };
		236381671C4A04180023B1BC /* RoshamboUITests.xctest */ = {isa = PBXFileReference; explicitFileType = wrapper.cfbundle; includeInIndex = 0; path = RoshamboUITests.xctest; sourceTree = BUILT_PRODUCTS_DIR; };
		2363816B1C4A04180023B1BC /* RoshamboUITests.swift */ = {isa = PBXFileReference; lastKnownFileType = sourcecode.swift; path = RoshamboUITests.swift; sourceTree = "<group>"; };
		2363816D1C4A04180023B1BC /* Info.plist */ = {isa = PBXFileReference; lastKnownFileType = text.plist.xml; path = Info.plist; sourceTree = "<group>"; };
/* End PBXFileReference section */

/* Begin PBXFrameworksBuildPhase section */
		236381451C4A04180023B1BC /* Frameworks */ = {
			isa = PBXFrameworksBuildPhase;
			buildActionMask = 2147483647;
			files = (
			);
			runOnlyForDeploymentPostprocessing = 0;
		};
		236381591C4A04180023B1BC /* Frameworks */ = {
			isa = PBXFrameworksBuildPhase;
			buildActionMask = 2147483647;
			files = (
			);
			runOnlyForDeploymentPostprocessing = 0;
		};
		236381641C4A04180023B1BC /* Frameworks */ = {
			isa = PBXFrameworksBuildPhase;
			buildActionMask = 2147483647;
			files = (
			);
			runOnlyForDeploymentPostprocessing = 0;
		};
/* End PBXFrameworksBuildPhase section */

/* Begin PBXGroup section */
		2363813F1C4A04180023B1BC = {
			isa = PBXGroup;
			children = (
				2363814A1C4A04180023B1BC /* Roshambo */,
				2363815F1C4A04180023B1BC /* RoshamboTests */,
				2363816A1C4A04180023B1BC /* RoshamboUITests */,
				236381491C4A04180023B1BC /* Products */,
			);
			sourceTree = "<group>";
		};
		236381491C4A04180023B1BC /* Products */ = {
			isa = PBXGroup;
			children = (
				236381481C4A04180023B1BC /* Roshambo.app */,
				2363815C1C4A04180023B1BC /* RoshamboTests.xctest */,
				236381671C4A04180023B1BC /* RoshamboUITests.xctest */,
			);
			name = Products;
			sourceTree = "<group>";
		};
		2363814A1C4A04180023B1BC /* Roshambo */ = {
			isa = PBXGroup;
			children = (
				2363814B1C4A04180023B1BC /* AppDelegate.swift */,
				2363814D1C4A04180023B1BC /* ViewController.swift */,
				2363814F1C4A04180023B1BC /* Main.storyboard */,
				236381521C4A04180023B1BC /* Assets.xcassets */,
				236381541C4A04180023B1BC /* LaunchScreen.storyboard */,
				236381571C4A04180023B1BC /* Info.plist */,
			);
			path = Roshambo;
			sourceTree = "<group>";
		};
		2363815F1C4A04180023B1BC /* RoshamboTests */ = {
			isa = PBXGroup;
			children = (
				236381601C4A04180023B1BC /* RoshamboTests.swift */,
				236381621C4A04180023B1BC /* Info.plist */,
			);
			path = RoshamboTests;
			sourceTree = "<group>";
		};
		2363816A1C4A04180023B1BC /* RoshamboUITests */ = {
			isa = PBXGroup;
			children = (
				2363816B1C4A04180023B1BC /* RoshamboUITests.swift */,
				2363816D1C4A04180023B1BC /* Info.plist */,
			);
			path = RoshamboUITests;
			sourceTree = "<group>";
		};
/* End PBXGroup section */

/* Begin PBXNativeTarget section */
		236381471C4A04180023B1BC /* Roshambo */ = {
			isa = PBXNativeTarget;
			buildConfigurationList = 236381701C4A04180023B1BC /* Build configuration list for PBXNativeTarget "Roshambo" */;
			buildPhases = (
				236381441C4A04180023B1BC /* Sources */,
				236381451C4A04180023B1BC /* Frameworks */,
				236381461C4A04180023B1BC /* Resources */,
			);
			buildRules = (
			);
			dependencies = (
			);
			name = Roshambo;
			productName = Roshambo;
			productReference = 236381481C4A04180023B1BC /* Roshambo.app */;
			productType = "com.apple.product-type.application";
		};
		2363815B1C4A04180023B1BC /* RoshamboTests */ = {
			isa = PBXNativeTarget;
			buildConfigurationList = 236381731C4A04180023B1BC /* Build configuration list for PBXNativeTarget "RoshamboTests" */;
			buildPhases = (
				236381581C4A04180023B1BC /* Sources */,
				236381591C4A04180023B1BC /* Frameworks */,
				2363815A1C4A04180023B1BC /* Resources */,
			);
			buildRules = (
			);
			dependencies = (
				2363815E1C4A04180023B1BC /* PBXTargetDependency */,
			);
			name = RoshamboTests;
			productName = RoshamboTests;
			productReference = 2363815C1C4A04180023B1BC /* RoshamboTests.xctest */;
			productType = "com.apple.product-type.bundle.unit-test";
		};
		236381661C4A04180023B1BC /* RoshamboUITests */ = {
			isa = PBXNativeTarget;
			buildConfigurationList = 236381761C4A04180023B1BC /* Build configuration list for PBXNativeTarget "RoshamboUITests" */;
			buildPhases = (
				236381631C4A04180023B1BC /* Sources */,
				236381641C4A04180023B1BC /* Frameworks */,
				236381651C4A04180023B1BC /* Resources */,
			);
			buildRules = (
			);
			dependencies = (
				236381691C4A04180023B1BC /* PBXTargetDependency */,
			);
			name = RoshamboUITests;
			productName = RoshamboUITests;
			productReference = 236381671C4A04180023B1BC /* RoshamboUITests.xctest */;
			productType = "com.apple.product-type.bundle.ui-testing";
		};
/* End PBXNativeTarget section */

/* Begin PBXProject section */
		236381401C4A04180023B1BC /* Project object */ = {
			isa = PBXProject;
			attributes = {
				LastSwiftUpdateCheck = 0720;
				LastUpgradeCheck = 0720;
				ORGANIZATIONNAME = Vinh;
				TargetAttributes = {
					236381471C4A04180023B1BC = {
						CreatedOnToolsVersion = 7.2;
					};
					2363815B1C4A04180023B1BC = {
						CreatedOnToolsVersion = 7.2;
						TestTargetID = 236381471C4A04180023B1BC;
					};
					236381661C4A04180023B1BC = {
						CreatedOnToolsVersion = 7.2;
						TestTargetID = 236381471C4A04180023B1BC;
					};
				};
			};
			buildConfigurationList = 236381431C4A04180023B1BC /* Build configuration list for PBXProject "Roshambo" */;
			compatibilityVersion = "Xcode 3.2";
			developmentRegion = English;
			hasScannedForEncodings = 0;
			knownRegions = (
				en,
				Base,
			);
			mainGroup = 2363813F1C4A04180023B1BC;
			productRefGroup = 236381491C4A04180023B1BC /* Products */;
			projectDirPath = "";
			projectRoot = "";
			targets = (
				236381471C4A04180023B1BC /* Roshambo */,
				2363815B1C4A04180023B1BC /* RoshamboTests */,
				236381661C4A04180023B1BC /* RoshamboUITests */,
			);
		};
/* End PBXProject section */

/* Begin PBXResourcesBuildPhase section */
		236381461C4A04180023B1BC /* Resources */ = {
			isa = PBXResourcesBuildPhase;
			buildActionMask = 2147483647;
			files = (
				236381561C4A04180023B1BC /* LaunchScreen.storyboard in Resources */,
				236381531C4A04180023B1BC /* Assets.xcassets in Resources */,
				236381511C4A04180023B1BC /* Main.storyboard in Resources */,
			);
			runOnlyForDeploymentPostprocessing = 0;
		};
		2363815A1C4A04180023B1BC /* Resources */ = {
			isa = PBXResourcesBuildPhase;
			buildActionMask = 2147483647;
			files = (
			);
			runOnlyForDeploymentPostprocessing = 0;
		};
		236381651C4A04180023B1BC /* Resources */ = {
			isa = PBXResourcesBuildPhase;
			buildActionMask = 2147483647;
			files = (
			);
			runOnlyForDeploymentPostprocessing = 0;
		};
/* End PBXResourcesBuildPhase section */

/* Begin PBXSourcesBuildPhase section */
		236381441C4A04180023B1BC /* Sources */ = {
			isa = PBXSourcesBuildPhase;
			buildActionMask = 2147483647;
			files = (
				2363814E1C4A04180023B1BC /* ViewController.swift in Sources */,
				2363814C1C4A04180023B1BC /* AppDelegate.swift in Sources */,
			);
			runOnlyForDeploymentPostprocessing = 0;
		};
		236381581C4A04180023B1BC /* Sources */ = {
			isa = PBXSourcesBuildPhase;
			buildActionMask = 2147483647;
			files = (
				236381611C4A04180023B1BC /* RoshamboTests.swift in Sources */,
			);
			runOnlyForDeploymentPostprocessing = 0;
		};
		236381631C4A04180023B1BC /* Sources */ = {
			isa = PBXSourcesBuildPhase;
			buildActionMask = 2147483647;
			files = (
				2363816C1C4A04180023B1BC /* RoshamboUITests.swift in Sources */,
			);
			runOnlyForDeploymentPostprocessing = 0;
		};
/* End PBXSourcesBuildPhase section */

/* Begin PBXTargetDependency section */
		2363815E1C4A04180023B1BC /* PBXTargetDependency */ = {
			isa = PBXTargetDependency;
			target = 236381471C4A04180023B1BC /* Roshambo */;
			targetProxy = 2363815D1C4A04180023B1BC /* PBXContainerItemProxy */;
		};
		236381691C4A04180023B1BC /* PBXTargetDependency */ = {
			isa = PBXTargetDependency;
			target = 236381471C4A04180023B1BC /* Roshambo */;
			targetProxy = 236381681C4A04180023B1BC /* PBXContainerItemProxy */;
		};
/* End PBXTargetDependency section */

/* Begin PBXVariantGroup section */
		2363814F1C4A04180023B1BC /* Main.storyboard */ = {
			isa = PBXVariantGroup;
			children = (
				236381501C4A04180023B1BC /* Base */,
			);
			name = Main.storyboard;
			sourceTree = "<group>";
		};
		236381541C4A04180023B1BC /* LaunchScreen.storyboard */ = {
			isa = PBXVariantGroup;
			children = (
				236381551C4A04180023B1BC /* Base */,
			);
			name = LaunchScreen.storyboard;
			sourceTree = "<group>";
		};
/* End PBXVariantGroup section */

/* Begin XCBuildConfiguration section */
		2363816E1C4A04180023B1BC /* Debug */ = {
			isa = XCBuildConfiguration;
			buildSettings = {
				ALWAYS_SEARCH_USER_PATHS = NO;
				CLANG_CXX_LANGUAGE_STANDARD = "gnu++0x";
				CLANG_CXX_LIBRARY = "libc++";
				CLANG_ENABLE_MODULES = YES;
				CLANG_ENABLE_OBJC_ARC = YES;
				CLANG_WARN_BOOL_CONVERSION = YES;
				CLANG_WARN_CONSTANT_CONVERSION = YES;
				CLANG_WARN_DIRECT_OBJC_ISA_USAGE = YES_ERROR;
				CLANG_WARN_EMPTY_BODY = YES;
				CLANG_WARN_ENUM_CONVERSION = YES;
				CLANG_WARN_INT_CONVERSION = YES;
				CLANG_WARN_OBJC_ROOT_CLASS = YES_ERROR;
				CLANG_WARN_UNREACHABLE_CODE = YES;
				CLANG_WARN__DUPLICATE_METHOD_MATCH = YES;
				"CODE_SIGN_IDENTITY[sdk=iphoneos*]" = "iPhone Developer";
				COPY_PHASE_STRIP = NO;
				DEBUG_INFORMATION_FORMAT = dwarf;
				ENABLE_STRICT_OBJC_MSGSEND = YES;
				ENABLE_TESTABILITY = YES;
				GCC_C_LANGUAGE_STANDARD = gnu99;
				GCC_DYNAMIC_NO_PIC = NO;
				GCC_NO_COMMON_BLOCKS = YES;
				GCC_OPTIMIZATION_LEVEL = 0;
				GCC_PREPROCESSOR_DEFINITIONS = (
					"DEBUG=1",
					"$(inherited)",
				);
				GCC_WARN_64_TO_32_BIT_CONVERSION = YES;
				GCC_WARN_ABOUT_RETURN_TYPE = YES_ERROR;
				GCC_WARN_UNDECLARED_SELECTOR = YES;
				GCC_WARN_UNINITIALIZED_AUTOS = YES_AGGRESSIVE;
				GCC_WARN_UNUSED_FUNCTION = YES;
				GCC_WARN_UNUSED_VARIABLE = YES;
				IPHONEOS_DEPLOYMENT_TARGET = 9.2;
				MTL_ENABLE_DEBUG_INFO = YES;
				ONLY_ACTIVE_ARCH = YES;
				SDKROOT = iphoneos;
				SWIFT_OPTIMIZATION_LEVEL = "-Onone";
			};
			name = Debug;
		};
		2363816F1C4A04180023B1BC /* Release */ = {
			isa = XCBuildConfiguration;
			buildSettings = {
				ALWAYS_SEARCH_USER_PATHS = NO;
				CLANG_CXX_LANGUAGE_STANDARD = "gnu++0x";
				CLANG_CXX_LIBRARY = "libc++";
				CLANG_ENABLE_MODULES = YES;
				CLANG_ENABLE_OBJC_ARC = YES;
				CLANG_WARN_BOOL_CONVERSION = YES;
				CLANG_WARN_CONSTANT_CONVERSION = YES;
				CLANG_WARN_DIRECT_OBJC_ISA_USAGE = YES_ERROR;
				CLANG_WARN_EMPTY_BODY = YES;
				CLANG_WARN_ENUM_CONVERSION = YES;
				CLANG_WARN_INT_CONVERSION = YES;
				CLANG_WARN_OBJC_ROOT_CLASS = YES_ERROR;
				CLANG_WARN_UNREACHABLE_CODE = YES;
				CLANG_WARN__DUPLICATE_METHOD_MATCH = YES;
				"CODE_SIGN_IDENTITY[sdk=iphoneos*]" = "iPhone Developer";
				COPY_PHASE_STRIP = NO;
				DEBUG_INFORMATION_FORMAT = "dwarf-with-dsym";
				ENABLE_NS_ASSERTIONS = NO;
				ENABLE_STRICT_OBJC_MSGSEND = YES;
				GCC_C_LANGUAGE_STANDARD = gnu99;
				GCC_NO_COMMON_BLOCKS = YES;
				GCC_WARN_64_TO_32_BIT_CONVERSION = YES;
				GCC_WARN_ABOUT_RETURN_TYPE = YES_ERROR;
				GCC_WARN_UNDECLARED_SELECTOR = YES;
				GCC_WARN_UNINITIALIZED_AUTOS = YES_AGGRESSIVE;
				GCC_WARN_UNUSED_FUNCTION = YES;
				GCC_WARN_UNUSED_VARIABLE = YES;
				IPHONEOS_DEPLOYMENT_TARGET = 9.2;
				MTL_ENABLE_DEBUG_INFO = NO;
				SDKROOT = iphoneos;
				VALIDATE_PRODUCT = YES;
			};
			name = Release;
		};
		236381711C4A04180023B1BC /* Debug */ = {
			isa = XCBuildConfiguration;
			buildSettings = {
				ASSETCATALOG_COMPILER_APPICON_NAME = AppIcon;
				INFOPLIST_FILE = Roshambo/Info.plist;
				LD_RUNPATH_SEARCH_PATHS = "$(inherited) @executable_path/Frameworks";
				PRODUCT_BUNDLE_IDENTIFIER = com.vinh.Roshambo;
				PRODUCT_NAME = "$(TARGET_NAME)";
			};
			name = Debug;
		};
		236381721C4A04180023B1BC /* Release */ = {
			isa = XCBuildConfiguration;
			buildSettings = {
				ASSETCATALOG_COMPILER_APPICON_NAME = AppIcon;
				INFOPLIST_FILE = Roshambo/Info.plist;
				LD_RUNPATH_SEARCH_PATHS = "$(inherited) @executable_path/Frameworks";
				PRODUCT_BUNDLE_IDENTIFIER = com.vinh.Roshambo;
				PRODUCT_NAME = "$(TARGET_NAME)";
			};
			name = Release;
		};
		236381741C4A04180023B1BC /* Debug */ = {
			isa = XCBuildConfiguration;
			buildSettings = {
				BUNDLE_LOADER = "$(TEST_HOST)";
				INFOPLIST_FILE = RoshamboTests/Info.plist;
				LD_RUNPATH_SEARCH_PATHS = "$(inherited) @executable_path/Frameworks @loader_path/Frameworks";
				PRODUCT_BUNDLE_IDENTIFIER = com.vinh.RoshamboTests;
				PRODUCT_NAME = "$(TARGET_NAME)";
				TEST_HOST = "$(BUILT_PRODUCTS_DIR)/Roshambo.app/Roshambo";
			};
			name = Debug;
		};
		236381751C4A04180023B1BC /* Release */ = {
			isa = XCBuildConfiguration;
			buildSettings = {
				BUNDLE_LOADER = "$(TEST_HOST)";
				INFOPLIST_FILE = RoshamboTests/Info.plist;
				LD_RUNPATH_SEARCH_PATHS = "$(inherited) @executable_path/Frameworks @loader_path/Frameworks";
				PRODUCT_BUNDLE_IDENTIFIER = com.vinh.RoshamboTests;
				PRODUCT_NAME = "$(TARGET_NAME)";
				TEST_HOST = "$(BUILT_PRODUCTS_DIR)/Roshambo.app/Roshambo";
			};
			name = Release;
		};
		236381771C4A04180023B1BC /* Debug */ = {
			isa = XCBuildConfiguration;
			buildSettings = {
				INFOPLIST_FILE = RoshamboUITests/Info.plist;
				LD_RUNPATH_SEARCH_PATHS = "$(inherited) @executable_path/Frameworks @loader_path/Frameworks";
				PRODUCT_BUNDLE_IDENTIFIER = com.vinh.RoshamboUITests;
				PRODUCT_NAME = "$(TARGET_NAME)";
				TEST_TARGET_NAME = Roshambo;
				USES_XCTRUNNER = YES;
			};
			name = Debug;
		};
		236381781C4A04180023B1BC /* Release */ = {
			isa = XCBuildConfiguration;
			buildSettings = {
				INFOPLIST_FILE = RoshamboUITests/Info.plist;
				LD_RUNPATH_SEARCH_PATHS = "$(inherited) @executable_path/Frameworks @loader_path/Frameworks";
				PRODUCT_BUNDLE_IDENTIFIER = com.vinh.RoshamboUITests;
				PRODUCT_NAME = "$(TARGET_NAME)";
				TEST_TARGET_NAME = Roshambo;
				USES_XCTRUNNER = YES;
			};
			name = Release;
		};
/* End XCBuildConfiguration section */

/* Begin XCConfigurationList section */
		236381431C4A04180023B1BC /* Build configuration list for PBXProject "Roshambo" */ = {
			isa = XCConfigurationList;
			buildConfigurations = (
				2363816E1C4A04180023B1BC /* Debug */,
				2363816F1C4A04180023B1BC /* Release */,
			);
			defaultConfigurationIsVisible = 0;
			defaultConfigurationName = Release;
		};
		236381701C4A04180023B1BC /* Build configuration list for PBXNativeTarget "Roshambo" */ = {
			isa = XCConfigurationList;
			buildConfigurations = (
				236381711C4A04180023B1BC /* Debug */,
				236381721C4A04180023B1BC /* Release */,
			);
			defaultConfigurationIsVisible = 0;
		};
		236381731C4A04180023B1BC /* Build configuration list for PBXNativeTarget "RoshamboTests" */ = {
			isa = XCConfigurationList;
			buildConfigurations = (
				236381741C4A04180023B1BC /* Debug */,
				236381751C4A04180023B1BC /* Release */,
			);
			defaultConfigurationIsVisible = 0;
		};
		236381761C4A04180023B1BC /* Build configuration list for PBXNativeTarget "RoshamboUITests" */ = {
			isa = XCConfigurationList;
			buildConfigurations = (
				236381771C4A04180023B1BC /* Debug */,
				236381781C4A04180023B1BC /* Release */,
			);
			defaultConfigurationIsVisible = 0;
		};
/* End XCConfigurationList section */
	};
	rootObject = 236381401C4A04180023B1BC /* Project object */;
}
