// !$*UTF8*$!
{
	archiveVersion = 1;
	classes = {
	};
	objectVersion = 46;
	objects = {

/* Begin PBXBuildFile section */
		23CAB3F61C4CA5DF00481A58 /* AppDelegate.swift in Sources */ = {isa = PBXBuildFile; fileRef = 23CAB3F51C4CA5DF00481A58 /* AppDelegate.swift */; };
		23CAB3F81C4CA5DF00481A58 /* ViewController.swift in Sources */ = {isa = PBXBuildFile; fileRef = 23CAB3F71C4CA5DF00481A58 /* ViewController.swift */; };
		23CAB3FB1C4CA5DF00481A58 /* Main.storyboard in Resources */ = {isa = PBXBuildFile; fileRef = 23CAB3F91C4CA5DF00481A58 /* Main.storyboard */; };
		23CAB3FD1C4CA5DF00481A58 /* Assets.xcassets in Resources */ = {isa = PBXBuildFile; fileRef = 23CAB3FC1C4CA5DF00481A58 /* Assets.xcassets */; };
		23CAB4001C4CA5DF00481A58 /* LaunchScreen.storyboard in Resources */ = {isa = PBXBuildFile; fileRef = 23CAB3FE1C4CA5DF00481A58 /* LaunchScreen.storyboard */; };
		23CAB40B1C4CA5DF00481A58 /* rockTests.swift in Sources */ = {isa = PBXBuildFile; fileRef = 23CAB40A1C4CA5DF00481A58 /* rockTests.swift */; };
		23CAB4161C4CA5DF00481A58 /* rockUITests.swift in Sources */ = {isa = PBXBuildFile; fileRef = 23CAB4151C4CA5DF00481A58 /* rockUITests.swift */; };
/* End PBXBuildFile section */

/* Begin PBXContainerItemProxy section */
		23CAB4071C4CA5DF00481A58 /* PBXContainerItemProxy */ = {
			isa = PBXContainerItemProxy;
			containerPortal = 23CAB3EA1C4CA5DF00481A58 /* Project object */;
			proxyType = 1;
			remoteGlobalIDString = 23CAB3F11C4CA5DF00481A58;
			remoteInfo = rock;
		};
		23CAB4121C4CA5DF00481A58 /* PBXContainerItemProxy */ = {
			isa = PBXContainerItemProxy;
			containerPortal = 23CAB3EA1C4CA5DF00481A58 /* Project object */;
			proxyType = 1;
			remoteGlobalIDString = 23CAB3F11C4CA5DF00481A58;
			remoteInfo = rock;
		};
/* End PBXContainerItemProxy section */

/* Begin PBXFileReference section */
		23CAB3F21C4CA5DF00481A58 /* rock.app */ = {isa = PBXFileReference; explicitFileType = wrapper.application; includeInIndex = 0; path = rock.app; sourceTree = BUILT_PRODUCTS_DIR; };
		23CAB3F51C4CA5DF00481A58 /* AppDelegate.swift */ = {isa = PBXFileReference; lastKnownFileType = sourcecode.swift; path = AppDelegate.swift; sourceTree = "<group>"; };
		23CAB3F71C4CA5DF00481A58 /* ViewController.swift */ = {isa = PBXFileReference; lastKnownFileType = sourcecode.swift; path = ViewController.swift; sourceTree = "<group>"; };
		23CAB3FA1C4CA5DF00481A58 /* Base */ = {isa = PBXFileReference; lastKnownFileType = file.storyboard; name = Base; path = Base.lproj/Main.storyboard; sourceTree = "<group>"; };
		23CAB3FC1C4CA5DF00481A58 /* Assets.xcassets */ = {isa = PBXFileReference; lastKnownFileType = folder.assetcatalog; path = Assets.xcassets; sourceTree = "<group>"; };
		23CAB3FF1C4CA5DF00481A58 /* Base */ = {isa = PBXFileReference; lastKnownFileType = file.storyboard; name = Base; path = Base.lproj/LaunchScreen.storyboard; sourceTree = "<group>"; };
		23CAB4011C4CA5DF00481A58 /* Info.plist */ = {isa = PBXFileReference; lastKnownFileType = text.plist.xml; path = Info.plist; sourceTree = "<group>"; };
		23CAB4061C4CA5DF00481A58 /* rockTests.xctest */ = {isa = PBXFileReference; explicitFileType = wrapper.cfbundle; includeInIndex = 0; path = rockTests.xctest; sourceTree = BUILT_PRODUCTS_DIR; };
		23CAB40A1C4CA5DF00481A58 /* rockTests.swift */ = {isa = PBXFileReference; lastKnownFileType = sourcecode.swift; path = rockTests.swift; sourceTree = "<group>"; };
		23CAB40C1C4CA5DF00481A58 /* Info.plist */ = {isa = PBXFileReference; lastKnownFileType = text.plist.xml; path = Info.plist; sourceTree = "<group>"; };
		23CAB4111C4CA5DF00481A58 /* rockUITests.xctest */ = {isa = PBXFileReference; explicitFileType = wrapper.cfbundle; includeInIndex = 0; path = rockUITests.xctest; sourceTree = BUILT_PRODUCTS_DIR; };
		23CAB4151C4CA5DF00481A58 /* rockUITests.swift */ = {isa = PBXFileReference; lastKnownFileType = sourcecode.swift; path = rockUITests.swift; sourceTree = "<group>"; };
		23CAB4171C4CA5DF00481A58 /* Info.plist */ = {isa = PBXFileReference; lastKnownFileType = text.plist.xml; path = Info.plist; sourceTree = "<group>"; };
/* End PBXFileReference section */

/* Begin PBXFrameworksBuildPhase section */
		23CAB3EF1C4CA5DF00481A58 /* Frameworks */ = {
			isa = PBXFrameworksBuildPhase;
			buildActionMask = 2147483647;
			files = (
			);
			runOnlyForDeploymentPostprocessing = 0;
		};
		23CAB4031C4CA5DF00481A58 /* Frameworks */ = {
			isa = PBXFrameworksBuildPhase;
			buildActionMask = 2147483647;
			files = (
			);
			runOnlyForDeploymentPostprocessing = 0;
		};
		23CAB40E1C4CA5DF00481A58 /* Frameworks */ = {
			isa = PBXFrameworksBuildPhase;
			buildActionMask = 2147483647;
			files = (
			);
			runOnlyForDeploymentPostprocessing = 0;
		};
/* End PBXFrameworksBuildPhase section */

/* Begin PBXGroup section */
		23CAB3E91C4CA5DF00481A58 = {
			isa = PBXGroup;
			children = (
				23CAB3F41C4CA5DF00481A58 /* rock */,
				23CAB4091C4CA5DF00481A58 /* rockTests */,
				23CAB4141C4CA5DF00481A58 /* rockUITests */,
				23CAB3F31C4CA5DF00481A58 /* Products */,
			);
			sourceTree = "<group>";
		};
		23CAB3F31C4CA5DF00481A58 /* Products */ = {
			isa = PBXGroup;
			children = (
				23CAB3F21C4CA5DF00481A58 /* rock.app */,
				23CAB4061C4CA5DF00481A58 /* rockTests.xctest */,
				23CAB4111C4CA5DF00481A58 /* rockUITests.xctest */,
			);
			name = Products;
			sourceTree = "<group>";
		};
		23CAB3F41C4CA5DF00481A58 /* rock */ = {
			isa = PBXGroup;
			children = (
				23CAB3F51C4CA5DF00481A58 /* AppDelegate.swift */,
				23CAB3F71C4CA5DF00481A58 /* ViewController.swift */,
				23CAB3F91C4CA5DF00481A58 /* Main.storyboard */,
				23CAB3FC1C4CA5DF00481A58 /* Assets.xcassets */,
				23CAB3FE1C4CA5DF00481A58 /* LaunchScreen.storyboard */,
				23CAB4011C4CA5DF00481A58 /* Info.plist */,
			);
			path = rock;
			sourceTree = "<group>";
		};
		23CAB4091C4CA5DF00481A58 /* rockTests */ = {
			isa = PBXGroup;
			children = (
				23CAB40A1C4CA5DF00481A58 /* rockTests.swift */,
				23CAB40C1C4CA5DF00481A58 /* Info.plist */,
			);
			path = rockTests;
			sourceTree = "<group>";
		};
		23CAB4141C4CA5DF00481A58 /* rockUITests */ = {
			isa = PBXGroup;
			children = (
				23CAB4151C4CA5DF00481A58 /* rockUITests.swift */,
				23CAB4171C4CA5DF00481A58 /* Info.plist */,
			);
			path = rockUITests;
			sourceTree = "<group>";
		};
/* End PBXGroup section */

/* Begin PBXNativeTarget section */
		23CAB3F11C4CA5DF00481A58 /* rock */ = {
			isa = PBXNativeTarget;
			buildConfigurationList = 23CAB41A1C4CA5DF00481A58 /* Build configuration list for PBXNativeTarget "rock" */;
			buildPhases = (
				23CAB3EE1C4CA5DF00481A58 /* Sources */,
				23CAB3EF1C4CA5DF00481A58 /* Frameworks */,
				23CAB3F01C4CA5DF00481A58 /* Resources */,
			);
			buildRules = (
			);
			dependencies = (
			);
			name = rock;
			productName = rock;
			productReference = 23CAB3F21C4CA5DF00481A58 /* rock.app */;
			productType = "com.apple.product-type.application";
		};
		23CAB4051C4CA5DF00481A58 /* rockTests */ = {
			isa = PBXNativeTarget;
			buildConfigurationList = 23CAB41D1C4CA5DF00481A58 /* Build configuration list for PBXNativeTarget "rockTests" */;
			buildPhases = (
				23CAB4021C4CA5DF00481A58 /* Sources */,
				23CAB4031C4CA5DF00481A58 /* Frameworks */,
				23CAB4041C4CA5DF00481A58 /* Resources */,
			);
			buildRules = (
			);
			dependencies = (
				23CAB4081C4CA5DF00481A58 /* PBXTargetDependency */,
			);
			name = rockTests;
			productName = rockTests;
			productReference = 23CAB4061C4CA5DF00481A58 /* rockTests.xctest */;
			productType = "com.apple.product-type.bundle.unit-test";
		};
		23CAB4101C4CA5DF00481A58 /* rockUITests */ = {
			isa = PBXNativeTarget;
			buildConfigurationList = 23CAB4201C4CA5DF00481A58 /* Build configuration list for PBXNativeTarget "rockUITests" */;
			buildPhases = (
				23CAB40D1C4CA5DF00481A58 /* Sources */,
				23CAB40E1C4CA5DF00481A58 /* Frameworks */,
				23CAB40F1C4CA5DF00481A58 /* Resources */,
			);
			buildRules = (
			);
			dependencies = (
				23CAB4131C4CA5DF00481A58 /* PBXTargetDependency */,
			);
			name = rockUITests;
			productName = rockUITests;
			productReference = 23CAB4111C4CA5DF00481A58 /* rockUITests.xctest */;
			productType = "com.apple.product-type.bundle.ui-testing";
		};
/* End PBXNativeTarget section */

/* Begin PBXProject section */
		23CAB3EA1C4CA5DF00481A58 /* Project object */ = {
			isa = PBXProject;
			attributes = {
				LastSwiftUpdateCheck = 0720;
				LastUpgradeCheck = 0720;
				ORGANIZATIONNAME = Vinh;
				TargetAttributes = {
					23CAB3F11C4CA5DF00481A58 = {
						CreatedOnToolsVersion = 7.2;
					};
					23CAB4051C4CA5DF00481A58 = {
						CreatedOnToolsVersion = 7.2;
						TestTargetID = 23CAB3F11C4CA5DF00481A58;
					};
					23CAB4101C4CA5DF00481A58 = {
						CreatedOnToolsVersion = 7.2;
						TestTargetID = 23CAB3F11C4CA5DF00481A58;
					};
				};
			};
			buildConfigurationList = 23CAB3ED1C4CA5DF00481A58 /* Build configuration list for PBXProject "rock" */;
			compatibilityVersion = "Xcode 3.2";
			developmentRegion = English;
			hasScannedForEncodings = 0;
			knownRegions = (
				en,
				Base,
			);
			mainGroup = 23CAB3E91C4CA5DF00481A58;
			productRefGroup = 23CAB3F31C4CA5DF00481A58 /* Products */;
			projectDirPath = "";
			projectRoot = "";
			targets = (
				23CAB3F11C4CA5DF00481A58 /* rock */,
				23CAB4051C4CA5DF00481A58 /* rockTests */,
				23CAB4101C4CA5DF00481A58 /* rockUITests */,
			);
		};
/* End PBXProject section */

/* Begin PBXResourcesBuildPhase section */
		23CAB3F01C4CA5DF00481A58 /* Resources */ = {
			isa = PBXResourcesBuildPhase;
			buildActionMask = 2147483647;
			files = (
				23CAB4001C4CA5DF00481A58 /* LaunchScreen.storyboard in Resources */,
				23CAB3FD1C4CA5DF00481A58 /* Assets.xcassets in Resources */,
				23CAB3FB1C4CA5DF00481A58 /* Main.storyboard in Resources */,
			);
			runOnlyForDeploymentPostprocessing = 0;
		};
		23CAB4041C4CA5DF00481A58 /* Resources */ = {
			isa = PBXResourcesBuildPhase;
			buildActionMask = 2147483647;
			files = (
			);
			runOnlyForDeploymentPostprocessing = 0;
		};
		23CAB40F1C4CA5DF00481A58 /* Resources */ = {
			isa = PBXResourcesBuildPhase;
			buildActionMask = 2147483647;
			files = (
			);
			runOnlyForDeploymentPostprocessing = 0;
		};
/* End PBXResourcesBuildPhase section */

/* Begin PBXSourcesBuildPhase section */
		23CAB3EE1C4CA5DF00481A58 /* Sources */ = {
			isa = PBXSourcesBuildPhase;
			buildActionMask = 2147483647;
			files = (
				23CAB3F81C4CA5DF00481A58 /* ViewController.swift in Sources */,
				23CAB3F61C4CA5DF00481A58 /* AppDelegate.swift in Sources */,
			);
			runOnlyForDeploymentPostprocessing = 0;
		};
		23CAB4021C4CA5DF00481A58 /* Sources */ = {
			isa = PBXSourcesBuildPhase;
			buildActionMask = 2147483647;
			files = (
				23CAB40B1C4CA5DF00481A58 /* rockTests.swift in Sources */,
			);
			runOnlyForDeploymentPostprocessing = 0;
		};
		23CAB40D1C4CA5DF00481A58 /* Sources */ = {
			isa = PBXSourcesBuildPhase;
			buildActionMask = 2147483647;
			files = (
				23CAB4161C4CA5DF00481A58 /* rockUITests.swift in Sources */,
			);
			runOnlyForDeploymentPostprocessing = 0;
		};
/* End PBXSourcesBuildPhase section */

/* Begin PBXTargetDependency section */
		23CAB4081C4CA5DF00481A58 /* PBXTargetDependency */ = {
			isa = PBXTargetDependency;
			target = 23CAB3F11C4CA5DF00481A58 /* rock */;
			targetProxy = 23CAB4071C4CA5DF00481A58 /* PBXContainerItemProxy */;
		};
		23CAB4131C4CA5DF00481A58 /* PBXTargetDependency */ = {
			isa = PBXTargetDependency;
			target = 23CAB3F11C4CA5DF00481A58 /* rock */;
			targetProxy = 23CAB4121C4CA5DF00481A58 /* PBXContainerItemProxy */;
		};
/* End PBXTargetDependency section */

/* Begin PBXVariantGroup section */
		23CAB3F91C4CA5DF00481A58 /* Main.storyboard */ = {
			isa = PBXVariantGroup;
			children = (
				23CAB3FA1C4CA5DF00481A58 /* Base */,
			);
			name = Main.storyboard;
			sourceTree = "<group>";
		};
		23CAB3FE1C4CA5DF00481A58 /* LaunchScreen.storyboard */ = {
			isa = PBXVariantGroup;
			children = (
				23CAB3FF1C4CA5DF00481A58 /* Base */,
			);
			name = LaunchScreen.storyboard;
			sourceTree = "<group>";
		};
/* End PBXVariantGroup section */

/* Begin XCBuildConfiguration section */
		23CAB4181C4CA5DF00481A58 /* Debug */ = {
			isa = XCBuildConfiguration;
			buildSettings = {
				ALWAYS_SEARCH_USER_PATHS = NO;
				CLANG_CXX_LANGUAGE_STANDARD = "gnu++0x";
				CLANG_CXX_LIBRARY = "libc++";
				CLANG_ENABLE_MODULES = YES;
				CLANG_ENABLE_OBJC_ARC = YES;
				CLANG_WARN_BOOL_CONVERSION = YES;
				CLANG_WARN_CONSTANT_CONVERSION = YES;
				CLANG_WARN_DIRECT_OBJC_ISA_USAGE = YES_ERROR;
				CLANG_WARN_EMPTY_BODY = YES;
				CLANG_WARN_ENUM_CONVERSION = YES;
				CLANG_WARN_INT_CONVERSION = YES;
				CLANG_WARN_OBJC_ROOT_CLASS = YES_ERROR;
				CLANG_WARN_UNREACHABLE_CODE = YES;
				CLANG_WARN__DUPLICATE_METHOD_MATCH = YES;
				"CODE_SIGN_IDENTITY[sdk=iphoneos*]" = "iPhone Developer";
				COPY_PHASE_STRIP = NO;
				DEBUG_INFORMATION_FORMAT = dwarf;
				ENABLE_STRICT_OBJC_MSGSEND = YES;
				ENABLE_TESTABILITY = YES;
				GCC_C_LANGUAGE_STANDARD = gnu99;
				GCC_DYNAMIC_NO_PIC = NO;
				GCC_NO_COMMON_BLOCKS = YES;
				GCC_OPTIMIZATION_LEVEL = 0;
				GCC_PREPROCESSOR_DEFINITIONS = (
					"DEBUG=1",
					"$(inherited)",
				);
				GCC_WARN_64_TO_32_BIT_CONVERSION = YES;
				GCC_WARN_ABOUT_RETURN_TYPE = YES_ERROR;
				GCC_WARN_UNDECLARED_SELECTOR = YES;
				GCC_WARN_UNINITIALIZED_AUTOS = YES_AGGRESSIVE;
				GCC_WARN_UNUSED_FUNCTION = YES;
				GCC_WARN_UNUSED_VARIABLE = YES;
				IPHONEOS_DEPLOYMENT_TARGET = 9.2;
				MTL_ENABLE_DEBUG_INFO = YES;
				ONLY_ACTIVE_ARCH = YES;
				SDKROOT = iphoneos;
				SWIFT_OPTIMIZATION_LEVEL = "-Onone";
			};
			name = Debug;
		};
		23CAB4191C4CA5DF00481A58 /* Release */ = {
			isa = XCBuildConfiguration;
			buildSettings = {
				ALWAYS_SEARCH_USER_PATHS = NO;
				CLANG_CXX_LANGUAGE_STANDARD = "gnu++0x";
				CLANG_CXX_LIBRARY = "libc++";
				CLANG_ENABLE_MODULES = YES;
				CLANG_ENABLE_OBJC_ARC = YES;
				CLANG_WARN_BOOL_CONVERSION = YES;
				CLANG_WARN_CONSTANT_CONVERSION = YES;
				CLANG_WARN_DIRECT_OBJC_ISA_USAGE = YES_ERROR;
				CLANG_WARN_EMPTY_BODY = YES;
				CLANG_WARN_ENUM_CONVERSION = YES;
				CLANG_WARN_INT_CONVERSION = YES;
				CLANG_WARN_OBJC_ROOT_CLASS = YES_ERROR;
				CLANG_WARN_UNREACHABLE_CODE = YES;
				CLANG_WARN__DUPLICATE_METHOD_MATCH = YES;
				"CODE_SIGN_IDENTITY[sdk=iphoneos*]" = "iPhone Developer";
				COPY_PHASE_STRIP = NO;
				DEBUG_INFORMATION_FORMAT = "dwarf-with-dsym";
				ENABLE_NS_ASSERTIONS = NO;
				ENABLE_STRICT_OBJC_MSGSEND = YES;
				GCC_C_LANGUAGE_STANDARD = gnu99;
				GCC_NO_COMMON_BLOCKS = YES;
				GCC_WARN_64_TO_32_BIT_CONVERSION = YES;
				GCC_WARN_ABOUT_RETURN_TYPE = YES_ERROR;
				GCC_WARN_UNDECLARED_SELECTOR = YES;
				GCC_WARN_UNINITIALIZED_AUTOS = YES_AGGRESSIVE;
				GCC_WARN_UNUSED_FUNCTION = YES;
				GCC_WARN_UNUSED_VARIABLE = YES;
				IPHONEOS_DEPLOYMENT_TARGET = 9.2;
				MTL_ENABLE_DEBUG_INFO = NO;
				SDKROOT = iphoneos;
				VALIDATE_PRODUCT = YES;
			};
			name = Release;
		};
		23CAB41B1C4CA5DF00481A58 /* Debug */ = {
			isa = XCBuildConfiguration;
			buildSettings = {
				ASSETCATALOG_COMPILER_APPICON_NAME = AppIcon;
				INFOPLIST_FILE = rock/Info.plist;
				LD_RUNPATH_SEARCH_PATHS = "$(inherited) @executable_path/Frameworks";
				PRODUCT_BUNDLE_IDENTIFIER = com.vinh.rock;
				PRODUCT_NAME = "$(TARGET_NAME)";
			};
			name = Debug;
		};
		23CAB41C1C4CA5DF00481A58 /* Release */ = {
			isa = XCBuildConfiguration;
			buildSettings = {
				ASSETCATALOG_COMPILER_APPICON_NAME = AppIcon;
				INFOPLIST_FILE = rock/Info.plist;
				LD_RUNPATH_SEARCH_PATHS = "$(inherited) @executable_path/Frameworks";
				PRODUCT_BUNDLE_IDENTIFIER = com.vinh.rock;
				PRODUCT_NAME = "$(TARGET_NAME)";
			};
			name = Release;
		};
		23CAB41E1C4CA5DF00481A58 /* Debug */ = {
			isa = XCBuildConfiguration;
			buildSettings = {
				BUNDLE_LOADER = "$(TEST_HOST)";
				INFOPLIST_FILE = rockTests/Info.plist;
				LD_RUNPATH_SEARCH_PATHS = "$(inherited) @executable_path/Frameworks @loader_path/Frameworks";
				PRODUCT_BUNDLE_IDENTIFIER = com.vinh.rockTests;
				PRODUCT_NAME = "$(TARGET_NAME)";
				TEST_HOST = "$(BUILT_PRODUCTS_DIR)/rock.app/rock";
			};
			name = Debug;
		};
		23CAB41F1C4CA5DF00481A58 /* Release */ = {
			isa = XCBuildConfiguration;
			buildSettings = {
				BUNDLE_LOADER = "$(TEST_HOST)";
				INFOPLIST_FILE = rockTests/Info.plist;
				LD_RUNPATH_SEARCH_PATHS = "$(inherited) @executable_path/Frameworks @loader_path/Frameworks";
				PRODUCT_BUNDLE_IDENTIFIER = com.vinh.rockTests;
				PRODUCT_NAME = "$(TARGET_NAME)";
				TEST_HOST = "$(BUILT_PRODUCTS_DIR)/rock.app/rock";
			};
			name = Release;
		};
		23CAB4211C4CA5DF00481A58 /* Debug */ = {
			isa = XCBuildConfiguration;
			buildSettings = {
				INFOPLIST_FILE = rockUITests/Info.plist;
				LD_RUNPATH_SEARCH_PATHS = "$(inherited) @executable_path/Frameworks @loader_path/Frameworks";
				PRODUCT_BUNDLE_IDENTIFIER = com.vinh.rockUITests;
				PRODUCT_NAME = "$(TARGET_NAME)";
				TEST_TARGET_NAME = rock;
				USES_XCTRUNNER = YES;
			};
			name = Debug;
		};
		23CAB4221C4CA5DF00481A58 /* Release */ = {
			isa = XCBuildConfiguration;
			buildSettings = {
				INFOPLIST_FILE = rockUITests/Info.plist;
				LD_RUNPATH_SEARCH_PATHS = "$(inherited) @executable_path/Frameworks @loader_path/Frameworks";
				PRODUCT_BUNDLE_IDENTIFIER = com.vinh.rockUITests;
				PRODUCT_NAME = "$(TARGET_NAME)";
				TEST_TARGET_NAME = rock;
				USES_XCTRUNNER = YES;
			};
			name = Release;
		};
/* End XCBuildConfiguration section */

/* Begin XCConfigurationList section */
		23CAB3ED1C4CA5DF00481A58 /* Build configuration list for PBXProject "rock" */ = {
			isa = XCConfigurationList;
			buildConfigurations = (
				23CAB4181C4CA5DF00481A58 /* Debug */,
				23CAB4191C4CA5DF00481A58 /* Release */,
			);
			defaultConfigurationIsVisible = 0;
			defaultConfigurationName = Release;
		};
		23CAB41A1C4CA5DF00481A58 /* Build configuration list for PBXNativeTarget "rock" */ = {
			isa = XCConfigurationList;
			buildConfigurations = (
				23CAB41B1C4CA5DF00481A58 /* Debug */,
				23CAB41C1C4CA5DF00481A58 /* Release */,
			);
			defaultConfigurationIsVisible = 0;
		};
		23CAB41D1C4CA5DF00481A58 /* Build configuration list for PBXNativeTarget "rockTests" */ = {
			isa = XCConfigurationList;
			buildConfigurations = (
				23CAB41E1C4CA5DF00481A58 /* Debug */,
				23CAB41F1C4CA5DF00481A58 /* Release */,
			);
			defaultConfigurationIsVisible = 0;
		};
		23CAB4201C4CA5DF00481A58 /* Build configuration list for PBXNativeTarget "rockUITests" */ = {
			isa = XCConfigurationList;
			buildConfigurations = (
				23CAB4211C4CA5DF00481A58 /* Debug */,
				23CAB4221C4CA5DF00481A58 /* Release */,
			);
			defaultConfigurationIsVisible = 0;
		};
/* End XCConfigurationList section */
	};
	rootObject = 23CAB3EA1C4CA5DF00481A58 /* Project object */;
}
